
Microsoft Visual Studio Solution File, Format Version 12.00
# Visual Studio Version 16
VisualStudioVersion = 16.0.29102.190
MinimumVisualStudioVersion = 10.0.40219.1
Project("{2150E333-8FDC-42A3-9474-1A3956D46DE8}") = "GettingStarted", "GettingStarted", "{607C2144-B764-4587-9B6D-563E2C563936}"
EndProject
Project("{2150E333-8FDC-42A3-9474-1A3956D46DE8}") = "HelloTriangle", "HelloTriangle", "{D6060753-96B7-4FB8-87DD-F6A68A60B0BC}"
EndProject
Project("{8BC9CEB8-8B4A-11D0-8D11-00A0C91BC942}") = "HelloTriangle1", "HelloTriangle\HelloTriangle.vcxproj", "{89C1870F-BD97-4CE5-9342-F42C72D22480}"
EndProject
Project("{8BC9CEB8-8B4A-11D0-8D11-00A0C91BC942}") = "HelloTriangle2", "HelloTriangle2\HelloTriangle2.vcxproj", "{7EEE7BCE-00F3-48DD-935E-46DEDE4DDE2B}"
EndProject
Project("{2150E333-8FDC-42A3-9474-1A3956D46DE8}") = "Shaders", "Shaders", "{C54D19F5-8012-4D1A-9645-279CAF8C1D45}"
EndProject
Project("{8BC9CEB8-8B4A-11D0-8D11-00A0C91BC942}") = "Shaders1", "Shaders\Shaders.vcxproj", "{9D64BA08-B51E-4B27-BBE9-B2169215331A}"
EndProject
Project("{8BC9CEB8-8B4A-11D0-8D11-00A0C91BC942}") = "Shaders2", "Shaders2\Shaders2.vcxproj", "{8F72647D-E6F6-4856-8B75-2B9210CB27B7}"
EndProject
Project("{8BC9CEB8-8B4A-11D0-8D11-00A0C91BC942}") = "Shaders3", "Shaders3\Shaders3.vcxproj", "{4F529773-CC71-4BFD-9AC4-E803209F8F4E}"
EndProject
Project("{2150E333-8FDC-42A3-9474-1A3956D46DE8}") = "Textures", "Textures", "{63013D91-C9C9-4A63-A307-F4DBF41D1AEA}"
EndProject
Project("{8BC9CEB8-8B4A-11D0-8D11-00A0C91BC942}") = "Textures1", "Textures\Textures.vcxproj", "{88A2DEA2-D084-48E1-9C8B-7155978446A4}"
EndProject
Project("{8BC9CEB8-8B4A-11D0-8D11-00A0C91BC942}") = "Textures2", "Textures2\Textures2.vcxproj", "{7C135F02-95D0-484E-AD29-8D3F4FBDB35F}"
EndProject
Project("{8BC9CEB8-8B4A-11D0-8D11-00A0C91BC942}") = "Textures3", "Textures3\Textures3.vcxproj", "{0E9F4D44-AAB3-490F-B420-A1CB6AA3A8BD}"
EndProject
Project("{2150E333-8FDC-42A3-9474-1A3956D46DE8}") = "Transformations", "Transformations", "{4183789E-E9A9-4384-9AB3-524322048505}"
EndProject
Project("{8BC9CEB8-8B4A-11D0-8D11-00A0C91BC942}") = "Transformations1", "Transformations\Transformations.vcxproj", "{1ADD43D7-FD76-4F86-AFB2-8906820CDB07}"
EndProject
Project("{8BC9CEB8-8B4A-11D0-8D11-00A0C91BC942}") = "Sierpinski", "Sierpinski\Sierpinski.vcxproj", "{A95F99B4-5891-416B-AEC5-DF0554FA6C37}"
EndProject
Project("{2150E333-8FDC-42A3-9474-1A3956D46DE8}") = "CoordSystems", "CoordSystems", "{964DB1CD-C6A6-4749-80C9-33AF2A1029E4}"
EndProject
Project("{8BC9CEB8-8B4A-11D0-8D11-00A0C91BC942}") = "CoordSystems1", "CoordSystems\CoordSystems.vcxproj", "{491CD186-C2BD-45B9-A489-ECC3648D2723}"
EndProject
Project("{8BC9CEB8-8B4A-11D0-8D11-00A0C91BC942}") = "CoordSystems2", "CoordSystems2\CoordSystems2.vcxproj", "{CDD25637-54E1-4276-8062-B3C6DBD108DA}"
EndProject
Project("{8BC9CEB8-8B4A-11D0-8D11-00A0C91BC942}") = "CoordSystems3", "CoordSystems3\CoordSystems3.vcxproj", "{2E618AF3-1BDF-4FA5-A487-810FCD8F4B55}"
EndProject
Project("{2150E333-8FDC-42A3-9474-1A3956D46DE8}") = "Camera", "Camera", "{8B843CDA-04E3-463A-BB48-A1DB1D3563C7}"
EndProject
Project("{8BC9CEB8-8B4A-11D0-8D11-00A0C91BC942}") = "Camera1", "Camera\Camera.vcxproj", "{C8C74988-11D1-413A-ADA0-64E37EE79ECA}"
EndProject
Project("{8BC9CEB8-8B4A-11D0-8D11-00A0C91BC942}") = "Camera2", "Camera2\Camera2.vcxproj", "{71266FD3-10C5-4E65-9673-E9135DCE0B28}"
EndProject
Project("{8BC9CEB8-8B4A-11D0-8D11-00A0C91BC942}") = "Camera3", "Camera3\Camera3.vcxproj", "{15BAED7A-3E75-428A-B6C4-00E12E4E8B79}"
EndProject
Project("{2150E333-8FDC-42A3-9474-1A3956D46DE8}") = "Lighting", "Lighting", "{65B559A0-A7FD-4A8B-82BF-12B183199BE9}"
EndProject
Project("{2150E333-8FDC-42A3-9474-1A3956D46DE8}") = "BasicLighting", "BasicLighting", "{3B266B96-FF69-4B09-A31E-1DA05B3C23B5}"
EndProject
Project("{8BC9CEB8-8B4A-11D0-8D11-00A0C91BC942}") = "Lighting1", "Lighting\Lighting.vcxproj", "{71C4A8A2-85E8-4A70-8370-A335ABF0A188}"
EndProject
Project("{8BC9CEB8-8B4A-11D0-8D11-00A0C91BC942}") = "Lighting2", "Lighting2\Lighting2.vcxproj", "{EC690C24-9DC9-43E8-A0B6-FCB553857A49}"
EndProject
Project("{8BC9CEB8-8B4A-11D0-8D11-00A0C91BC942}") = "Lighting3", "Lighting3\Lighting3.vcxproj", "{4936F584-CF99-4B8E-A7E4-C9425BE2C87B}"
EndProject
Project("{8BC9CEB8-8B4A-11D0-8D11-00A0C91BC942}") = "Lighting4", "Lighting4\Lighting4.vcxproj", "{3E3AAB45-9653-4902-A73C-E220F7CEB210}"
EndProject
Project("{8BC9CEB8-8B4A-11D0-8D11-00A0C91BC942}") = "Sphere1", "Sphere\Sphere.vcxproj", "{44E9514C-CCC2-4F93-8332-1679C37E7BB7}"
EndProject
Project("{8BC9CEB8-8B4A-11D0-8D11-00A0C91BC942}") = "Sphere2", "Sphere2\Sphere2.vcxproj", "{0EC6B5E8-2ED2-4342-89D2-43DB73DA547D}"
EndProject
Project("{8BC9CEB8-8B4A-11D0-8D11-00A0C91BC942}") = "Sphere3", "Sphere3\Sphere3.vcxproj", "{C99F032A-27A0-42C2-A2F4-34A4C374197A}"
EndProject
Project("{8BC9CEB8-8B4A-11D0-8D11-00A0C91BC942}") = "Sphere4", "Sphere4\Sphere4.vcxproj", "{C1DC9EBD-B8CD-49E5-8FA5-2F8F30D2C876}"
EndProject
Project("{8BC9CEB8-8B4A-11D0-8D11-00A0C91BC942}") = "Materials", "Materials\Materials.vcxproj", "{4B2B23F2-81B0-4391-80C2-1FEC54DD287E}"
EndProject
Project("{8BC9CEB8-8B4A-11D0-8D11-00A0C91BC942}") = "LightingMaps", "LightingMaps\LightingMaps.vcxproj", "{6220BABB-878E-4085-9923-1BAFF892960F}"
EndProject
Project("{8BC9CEB8-8B4A-11D0-8D11-00A0C91BC942}") = "LightingMaps2", "LightingMaps2\LightingMaps2.vcxproj", "{33327C88-73C1-43EE-AF48-D4D802C1FE04}"
EndProject
Project("{8BC9CEB8-8B4A-11D0-8D11-00A0C91BC942}") = "LightCasters", "LightCasters\LightCasters.vcxproj", "{621B0278-B3F6-46E1-B310-1EDF24F9B276}"
EndProject
Project("{8BC9CEB8-8B4A-11D0-8D11-00A0C91BC942}") = "MultipleLights", "MultipleLights\MultipleLights.vcxproj", "{277022FA-FA7E-4830-ACF2-507EB0E30D1D}"
EndProject
Project("{8BC9CEB8-8B4A-11D0-8D11-00A0C91BC942}") = "Resources", "Resources\Resources.vcxitems", "{17C60112-9E10-40BA-A6AD-EB49F333CF83}"
EndProject
Project("{2150E333-8FDC-42A3-9474-1A3956D46DE8}") = "ModelLoading", "ModelLoading", "{AA8B36B6-49A3-4129-8B04-40CF4632C50F}"
EndProject
Project("{8BC9CEB8-8B4A-11D0-8D11-00A0C91BC942}") = "ModelLoading1", "ModelLoading\ModelLoading.vcxproj", "{781A1978-1D51-4A78-BD2F-1A910CC49419}"
EndProject
Project("{8BC9CEB8-8B4A-11D0-8D11-00A0C91BC942}") = "ModelLoading2", "ModelLoading2\ModelLoading2.vcxproj", "{7AD9E913-AB55-4AA2-9EB8-0AF35168B035}"
EndProject
Project("{8BC9CEB8-8B4A-11D0-8D11-00A0C91BC942}") = "ModelLoading3", "ModelLoading3\ModelLoading3.vcxproj", "{AD6B0797-EA18-4DC8-8E1C-62F715A1239A}"
EndProject
Global
	GlobalSection(SolutionConfigurationPlatforms) = preSolution
		Debug|x64 = Debug|x64
		Debug|x86 = Debug|x86
		Release|x64 = Release|x64
		Release|x86 = Release|x86
	EndGlobalSection
	GlobalSection(ProjectConfigurationPlatforms) = postSolution
		{89C1870F-BD97-4CE5-9342-F42C72D22480}.Debug|x64.ActiveCfg = Debug|x64
		{89C1870F-BD97-4CE5-9342-F42C72D22480}.Debug|x64.Build.0 = Debug|x64
		{89C1870F-BD97-4CE5-9342-F42C72D22480}.Debug|x86.ActiveCfg = Debug|Win32
		{89C1870F-BD97-4CE5-9342-F42C72D22480}.Debug|x86.Build.0 = Debug|Win32
		{89C1870F-BD97-4CE5-9342-F42C72D22480}.Release|x64.ActiveCfg = Release|x64
		{89C1870F-BD97-4CE5-9342-F42C72D22480}.Release|x64.Build.0 = Release|x64
		{89C1870F-BD97-4CE5-9342-F42C72D22480}.Release|x86.ActiveCfg = Release|Win32
		{89C1870F-BD97-4CE5-9342-F42C72D22480}.Release|x86.Build.0 = Release|Win32
		{7EEE7BCE-00F3-48DD-935E-46DEDE4DDE2B}.Debug|x64.ActiveCfg = Debug|x64
		{7EEE7BCE-00F3-48DD-935E-46DEDE4DDE2B}.Debug|x64.Build.0 = Debug|x64
		{7EEE7BCE-00F3-48DD-935E-46DEDE4DDE2B}.Debug|x86.ActiveCfg = Debug|Win32
		{7EEE7BCE-00F3-48DD-935E-46DEDE4DDE2B}.Debug|x86.Build.0 = Debug|Win32
		{7EEE7BCE-00F3-48DD-935E-46DEDE4DDE2B}.Release|x64.ActiveCfg = Release|x64
		{7EEE7BCE-00F3-48DD-935E-46DEDE4DDE2B}.Release|x64.Build.0 = Release|x64
		{7EEE7BCE-00F3-48DD-935E-46DEDE4DDE2B}.Release|x86.ActiveCfg = Release|Win32
		{7EEE7BCE-00F3-48DD-935E-46DEDE4DDE2B}.Release|x86.Build.0 = Release|Win32
		{9D64BA08-B51E-4B27-BBE9-B2169215331A}.Debug|x64.ActiveCfg = Debug|x64
		{9D64BA08-B51E-4B27-BBE9-B2169215331A}.Debug|x64.Build.0 = Debug|x64
		{9D64BA08-B51E-4B27-BBE9-B2169215331A}.Debug|x86.ActiveCfg = Debug|Win32
		{9D64BA08-B51E-4B27-BBE9-B2169215331A}.Debug|x86.Build.0 = Debug|Win32
		{9D64BA08-B51E-4B27-BBE9-B2169215331A}.Release|x64.ActiveCfg = Release|x64
		{9D64BA08-B51E-4B27-BBE9-B2169215331A}.Release|x64.Build.0 = Release|x64
		{9D64BA08-B51E-4B27-BBE9-B2169215331A}.Release|x86.ActiveCfg = Release|Win32
		{9D64BA08-B51E-4B27-BBE9-B2169215331A}.Release|x86.Build.0 = Release|Win32
		{8F72647D-E6F6-4856-8B75-2B9210CB27B7}.Debug|x64.ActiveCfg = Debug|x64
		{8F72647D-E6F6-4856-8B75-2B9210CB27B7}.Debug|x64.Build.0 = Debug|x64
		{8F72647D-E6F6-4856-8B75-2B9210CB27B7}.Debug|x86.ActiveCfg = Debug|Win32
		{8F72647D-E6F6-4856-8B75-2B9210CB27B7}.Debug|x86.Build.0 = Debug|Win32
		{8F72647D-E6F6-4856-8B75-2B9210CB27B7}.Release|x64.ActiveCfg = Release|x64
		{8F72647D-E6F6-4856-8B75-2B9210CB27B7}.Release|x64.Build.0 = Release|x64
		{8F72647D-E6F6-4856-8B75-2B9210CB27B7}.Release|x86.ActiveCfg = Release|Win32
		{8F72647D-E6F6-4856-8B75-2B9210CB27B7}.Release|x86.Build.0 = Release|Win32
		{4F529773-CC71-4BFD-9AC4-E803209F8F4E}.Debug|x64.ActiveCfg = Debug|x64
		{4F529773-CC71-4BFD-9AC4-E803209F8F4E}.Debug|x64.Build.0 = Debug|x64
		{4F529773-CC71-4BFD-9AC4-E803209F8F4E}.Debug|x86.ActiveCfg = Debug|Win32
		{4F529773-CC71-4BFD-9AC4-E803209F8F4E}.Debug|x86.Build.0 = Debug|Win32
		{4F529773-CC71-4BFD-9AC4-E803209F8F4E}.Release|x64.ActiveCfg = Release|x64
		{4F529773-CC71-4BFD-9AC4-E803209F8F4E}.Release|x64.Build.0 = Release|x64
		{4F529773-CC71-4BFD-9AC4-E803209F8F4E}.Release|x86.ActiveCfg = Release|Win32
		{4F529773-CC71-4BFD-9AC4-E803209F8F4E}.Release|x86.Build.0 = Release|Win32
		{88A2DEA2-D084-48E1-9C8B-7155978446A4}.Debug|x64.ActiveCfg = Debug|x64
		{88A2DEA2-D084-48E1-9C8B-7155978446A4}.Debug|x64.Build.0 = Debug|x64
		{88A2DEA2-D084-48E1-9C8B-7155978446A4}.Debug|x86.ActiveCfg = Debug|Win32
		{88A2DEA2-D084-48E1-9C8B-7155978446A4}.Debug|x86.Build.0 = Debug|Win32
		{88A2DEA2-D084-48E1-9C8B-7155978446A4}.Release|x64.ActiveCfg = Release|x64
		{88A2DEA2-D084-48E1-9C8B-7155978446A4}.Release|x64.Build.0 = Release|x64
		{88A2DEA2-D084-48E1-9C8B-7155978446A4}.Release|x86.ActiveCfg = Release|Win32
		{88A2DEA2-D084-48E1-9C8B-7155978446A4}.Release|x86.Build.0 = Release|Win32
		{7C135F02-95D0-484E-AD29-8D3F4FBDB35F}.Debug|x64.ActiveCfg = Debug|x64
		{7C135F02-95D0-484E-AD29-8D3F4FBDB35F}.Debug|x64.Build.0 = Debug|x64
		{7C135F02-95D0-484E-AD29-8D3F4FBDB35F}.Debug|x86.ActiveCfg = Debug|Win32
		{7C135F02-95D0-484E-AD29-8D3F4FBDB35F}.Debug|x86.Build.0 = Debug|Win32
		{7C135F02-95D0-484E-AD29-8D3F4FBDB35F}.Release|x64.ActiveCfg = Release|x64
		{7C135F02-95D0-484E-AD29-8D3F4FBDB35F}.Release|x64.Build.0 = Release|x64
		{7C135F02-95D0-484E-AD29-8D3F4FBDB35F}.Release|x86.ActiveCfg = Release|Win32
		{7C135F02-95D0-484E-AD29-8D3F4FBDB35F}.Release|x86.Build.0 = Release|Win32
		{0E9F4D44-AAB3-490F-B420-A1CB6AA3A8BD}.Debug|x64.ActiveCfg = Debug|x64
		{0E9F4D44-AAB3-490F-B420-A1CB6AA3A8BD}.Debug|x64.Build.0 = Debug|x64
		{0E9F4D44-AAB3-490F-B420-A1CB6AA3A8BD}.Debug|x86.ActiveCfg = Debug|Win32
		{0E9F4D44-AAB3-490F-B420-A1CB6AA3A8BD}.Debug|x86.Build.0 = Debug|Win32
		{0E9F4D44-AAB3-490F-B420-A1CB6AA3A8BD}.Release|x64.ActiveCfg = Release|x64
		{0E9F4D44-AAB3-490F-B420-A1CB6AA3A8BD}.Release|x64.Build.0 = Release|x64
		{0E9F4D44-AAB3-490F-B420-A1CB6AA3A8BD}.Release|x86.ActiveCfg = Release|Win32
		{0E9F4D44-AAB3-490F-B420-A1CB6AA3A8BD}.Release|x86.Build.0 = Release|Win32
		{1ADD43D7-FD76-4F86-AFB2-8906820CDB07}.Debug|x64.ActiveCfg = Debug|x64
		{1ADD43D7-FD76-4F86-AFB2-8906820CDB07}.Debug|x64.Build.0 = Debug|x64
		{1ADD43D7-FD76-4F86-AFB2-8906820CDB07}.Debug|x86.ActiveCfg = Debug|Win32
		{1ADD43D7-FD76-4F86-AFB2-8906820CDB07}.Debug|x86.Build.0 = Debug|Win32
		{1ADD43D7-FD76-4F86-AFB2-8906820CDB07}.Release|x64.ActiveCfg = Release|x64
		{1ADD43D7-FD76-4F86-AFB2-8906820CDB07}.Release|x64.Build.0 = Release|x64
		{1ADD43D7-FD76-4F86-AFB2-8906820CDB07}.Release|x86.ActiveCfg = Release|Win32
		{1ADD43D7-FD76-4F86-AFB2-8906820CDB07}.Release|x86.Build.0 = Release|Win32
		{A95F99B4-5891-416B-AEC5-DF0554FA6C37}.Debug|x64.ActiveCfg = Debug|x64
		{A95F99B4-5891-416B-AEC5-DF0554FA6C37}.Debug|x64.Build.0 = Debug|x64
		{A95F99B4-5891-416B-AEC5-DF0554FA6C37}.Debug|x86.ActiveCfg = Debug|Win32
		{A95F99B4-5891-416B-AEC5-DF0554FA6C37}.Debug|x86.Build.0 = Debug|Win32
		{A95F99B4-5891-416B-AEC5-DF0554FA6C37}.Release|x64.ActiveCfg = Release|x64
		{A95F99B4-5891-416B-AEC5-DF0554FA6C37}.Release|x64.Build.0 = Release|x64
		{A95F99B4-5891-416B-AEC5-DF0554FA6C37}.Release|x86.ActiveCfg = Release|Win32
		{A95F99B4-5891-416B-AEC5-DF0554FA6C37}.Release|x86.Build.0 = Release|Win32
		{491CD186-C2BD-45B9-A489-ECC3648D2723}.Debug|x64.ActiveCfg = Debug|x64
		{491CD186-C2BD-45B9-A489-ECC3648D2723}.Debug|x64.Build.0 = Debug|x64
		{491CD186-C2BD-45B9-A489-ECC3648D2723}.Debug|x86.ActiveCfg = Debug|Win32
		{491CD186-C2BD-45B9-A489-ECC3648D2723}.Debug|x86.Build.0 = Debug|Win32
		{491CD186-C2BD-45B9-A489-ECC3648D2723}.Release|x64.ActiveCfg = Release|x64
		{491CD186-C2BD-45B9-A489-ECC3648D2723}.Release|x64.Build.0 = Release|x64
		{491CD186-C2BD-45B9-A489-ECC3648D2723}.Release|x86.ActiveCfg = Release|Win32
		{491CD186-C2BD-45B9-A489-ECC3648D2723}.Release|x86.Build.0 = Release|Win32
		{CDD25637-54E1-4276-8062-B3C6DBD108DA}.Debug|x64.ActiveCfg = Debug|x64
		{CDD25637-54E1-4276-8062-B3C6DBD108DA}.Debug|x64.Build.0 = Debug|x64
		{CDD25637-54E1-4276-8062-B3C6DBD108DA}.Debug|x86.ActiveCfg = Debug|Win32
		{CDD25637-54E1-4276-8062-B3C6DBD108DA}.Debug|x86.Build.0 = Debug|Win32
		{CDD25637-54E1-4276-8062-B3C6DBD108DA}.Release|x64.ActiveCfg = Release|x64
		{CDD25637-54E1-4276-8062-B3C6DBD108DA}.Release|x64.Build.0 = Release|x64
		{CDD25637-54E1-4276-8062-B3C6DBD108DA}.Release|x86.ActiveCfg = Release|Win32
		{CDD25637-54E1-4276-8062-B3C6DBD108DA}.Release|x86.Build.0 = Release|Win32
		{2E618AF3-1BDF-4FA5-A487-810FCD8F4B55}.Debug|x64.ActiveCfg = Debug|x64
		{2E618AF3-1BDF-4FA5-A487-810FCD8F4B55}.Debug|x64.Build.0 = Debug|x64
		{2E618AF3-1BDF-4FA5-A487-810FCD8F4B55}.Debug|x86.ActiveCfg = Debug|Win32
		{2E618AF3-1BDF-4FA5-A487-810FCD8F4B55}.Debug|x86.Build.0 = Debug|Win32
		{2E618AF3-1BDF-4FA5-A487-810FCD8F4B55}.Release|x64.ActiveCfg = Release|x64
		{2E618AF3-1BDF-4FA5-A487-810FCD8F4B55}.Release|x64.Build.0 = Release|x64
		{2E618AF3-1BDF-4FA5-A487-810FCD8F4B55}.Release|x86.ActiveCfg = Release|Win32
		{2E618AF3-1BDF-4FA5-A487-810FCD8F4B55}.Release|x86.Build.0 = Release|Win32
		{C8C74988-11D1-413A-ADA0-64E37EE79ECA}.Debug|x64.ActiveCfg = Debug|x64
		{C8C74988-11D1-413A-ADA0-64E37EE79ECA}.Debug|x64.Build.0 = Debug|x64
		{C8C74988-11D1-413A-ADA0-64E37EE79ECA}.Debug|x86.ActiveCfg = Debug|Win32
		{C8C74988-11D1-413A-ADA0-64E37EE79ECA}.Debug|x86.Build.0 = Debug|Win32
		{C8C74988-11D1-413A-ADA0-64E37EE79ECA}.Release|x64.ActiveCfg = Release|x64
		{C8C74988-11D1-413A-ADA0-64E37EE79ECA}.Release|x64.Build.0 = Release|x64
		{C8C74988-11D1-413A-ADA0-64E37EE79ECA}.Release|x86.ActiveCfg = Release|Win32
		{C8C74988-11D1-413A-ADA0-64E37EE79ECA}.Release|x86.Build.0 = Release|Win32
		{71266FD3-10C5-4E65-9673-E9135DCE0B28}.Debug|x64.ActiveCfg = Debug|x64
		{71266FD3-10C5-4E65-9673-E9135DCE0B28}.Debug|x64.Build.0 = Debug|x64
		{71266FD3-10C5-4E65-9673-E9135DCE0B28}.Debug|x86.ActiveCfg = Debug|Win32
		{71266FD3-10C5-4E65-9673-E9135DCE0B28}.Debug|x86.Build.0 = Debug|Win32
		{71266FD3-10C5-4E65-9673-E9135DCE0B28}.Release|x64.ActiveCfg = Release|x64
		{71266FD3-10C5-4E65-9673-E9135DCE0B28}.Release|x64.Build.0 = Release|x64
		{71266FD3-10C5-4E65-9673-E9135DCE0B28}.Release|x86.ActiveCfg = Release|Win32
		{71266FD3-10C5-4E65-9673-E9135DCE0B28}.Release|x86.Build.0 = Release|Win32
		{15BAED7A-3E75-428A-B6C4-00E12E4E8B79}.Debug|x64.ActiveCfg = Debug|x64
		{15BAED7A-3E75-428A-B6C4-00E12E4E8B79}.Debug|x64.Build.0 = Debug|x64
		{15BAED7A-3E75-428A-B6C4-00E12E4E8B79}.Debug|x86.ActiveCfg = Debug|Win32
		{15BAED7A-3E75-428A-B6C4-00E12E4E8B79}.Debug|x86.Build.0 = Debug|Win32
		{15BAED7A-3E75-428A-B6C4-00E12E4E8B79}.Release|x64.ActiveCfg = Release|x64
		{15BAED7A-3E75-428A-B6C4-00E12E4E8B79}.Release|x64.Build.0 = Release|x64
		{15BAED7A-3E75-428A-B6C4-00E12E4E8B79}.Release|x86.ActiveCfg = Release|Win32
		{15BAED7A-3E75-428A-B6C4-00E12E4E8B79}.Release|x86.Build.0 = Release|Win32
		{71C4A8A2-85E8-4A70-8370-A335ABF0A188}.Debug|x64.ActiveCfg = Debug|x64
		{71C4A8A2-85E8-4A70-8370-A335ABF0A188}.Debug|x64.Build.0 = Debug|x64
		{71C4A8A2-85E8-4A70-8370-A335ABF0A188}.Debug|x86.ActiveCfg = Debug|Win32
		{71C4A8A2-85E8-4A70-8370-A335ABF0A188}.Debug|x86.Build.0 = Debug|Win32
		{71C4A8A2-85E8-4A70-8370-A335ABF0A188}.Release|x64.ActiveCfg = Release|x64
		{71C4A8A2-85E8-4A70-8370-A335ABF0A188}.Release|x64.Build.0 = Release|x64
		{71C4A8A2-85E8-4A70-8370-A335ABF0A188}.Release|x86.ActiveCfg = Release|Win32
		{71C4A8A2-85E8-4A70-8370-A335ABF0A188}.Release|x86.Build.0 = Release|Win32
		{EC690C24-9DC9-43E8-A0B6-FCB553857A49}.Debug|x64.ActiveCfg = Debug|x64
		{EC690C24-9DC9-43E8-A0B6-FCB553857A49}.Debug|x64.Build.0 = Debug|x64
		{EC690C24-9DC9-43E8-A0B6-FCB553857A49}.Debug|x86.ActiveCfg = Debug|Win32
		{EC690C24-9DC9-43E8-A0B6-FCB553857A49}.Debug|x86.Build.0 = Debug|Win32
		{EC690C24-9DC9-43E8-A0B6-FCB553857A49}.Release|x64.ActiveCfg = Release|x64
		{EC690C24-9DC9-43E8-A0B6-FCB553857A49}.Release|x64.Build.0 = Release|x64
		{EC690C24-9DC9-43E8-A0B6-FCB553857A49}.Release|x86.ActiveCfg = Release|Win32
		{EC690C24-9DC9-43E8-A0B6-FCB553857A49}.Release|x86.Build.0 = Release|Win32
		{4936F584-CF99-4B8E-A7E4-C9425BE2C87B}.Debug|x64.ActiveCfg = Debug|x64
		{4936F584-CF99-4B8E-A7E4-C9425BE2C87B}.Debug|x64.Build.0 = Debug|x64
		{4936F584-CF99-4B8E-A7E4-C9425BE2C87B}.Debug|x86.ActiveCfg = Debug|Win32
		{4936F584-CF99-4B8E-A7E4-C9425BE2C87B}.Debug|x86.Build.0 = Debug|Win32
		{4936F584-CF99-4B8E-A7E4-C9425BE2C87B}.Release|x64.ActiveCfg = Release|x64
		{4936F584-CF99-4B8E-A7E4-C9425BE2C87B}.Release|x64.Build.0 = Release|x64
		{4936F584-CF99-4B8E-A7E4-C9425BE2C87B}.Release|x86.ActiveCfg = Release|Win32
		{4936F584-CF99-4B8E-A7E4-C9425BE2C87B}.Release|x86.Build.0 = Release|Win32
		{3E3AAB45-9653-4902-A73C-E220F7CEB210}.Debug|x64.ActiveCfg = Debug|x64
		{3E3AAB45-9653-4902-A73C-E220F7CEB210}.Debug|x64.Build.0 = Debug|x64
		{3E3AAB45-9653-4902-A73C-E220F7CEB210}.Debug|x86.ActiveCfg = Debug|Win32
		{3E3AAB45-9653-4902-A73C-E220F7CEB210}.Debug|x86.Build.0 = Debug|Win32
		{3E3AAB45-9653-4902-A73C-E220F7CEB210}.Release|x64.ActiveCfg = Release|x64
		{3E3AAB45-9653-4902-A73C-E220F7CEB210}.Release|x64.Build.0 = Release|x64
		{3E3AAB45-9653-4902-A73C-E220F7CEB210}.Release|x86.ActiveCfg = Release|Win32
		{3E3AAB45-9653-4902-A73C-E220F7CEB210}.Release|x86.Build.0 = Release|Win32
		{44E9514C-CCC2-4F93-8332-1679C37E7BB7}.Debug|x64.ActiveCfg = Debug|x64
		{44E9514C-CCC2-4F93-8332-1679C37E7BB7}.Debug|x64.Build.0 = Debug|x64
		{44E9514C-CCC2-4F93-8332-1679C37E7BB7}.Debug|x86.ActiveCfg = Debug|Win32
		{44E9514C-CCC2-4F93-8332-1679C37E7BB7}.Debug|x86.Build.0 = Debug|Win32
		{44E9514C-CCC2-4F93-8332-1679C37E7BB7}.Release|x64.ActiveCfg = Release|x64
		{44E9514C-CCC2-4F93-8332-1679C37E7BB7}.Release|x64.Build.0 = Release|x64
		{44E9514C-CCC2-4F93-8332-1679C37E7BB7}.Release|x86.ActiveCfg = Release|Win32
		{44E9514C-CCC2-4F93-8332-1679C37E7BB7}.Release|x86.Build.0 = Release|Win32
		{0EC6B5E8-2ED2-4342-89D2-43DB73DA547D}.Debug|x64.ActiveCfg = Debug|x64
		{0EC6B5E8-2ED2-4342-89D2-43DB73DA547D}.Debug|x64.Build.0 = Debug|x64
		{0EC6B5E8-2ED2-4342-89D2-43DB73DA547D}.Debug|x86.ActiveCfg = Debug|Win32
		{0EC6B5E8-2ED2-4342-89D2-43DB73DA547D}.Debug|x86.Build.0 = Debug|Win32
		{0EC6B5E8-2ED2-4342-89D2-43DB73DA547D}.Release|x64.ActiveCfg = Release|x64
		{0EC6B5E8-2ED2-4342-89D2-43DB73DA547D}.Release|x64.Build.0 = Release|x64
		{0EC6B5E8-2ED2-4342-89D2-43DB73DA547D}.Release|x86.ActiveCfg = Release|Win32
		{0EC6B5E8-2ED2-4342-89D2-43DB73DA547D}.Release|x86.Build.0 = Release|Win32
		{C99F032A-27A0-42C2-A2F4-34A4C374197A}.Debug|x64.ActiveCfg = Debug|x64
		{C99F032A-27A0-42C2-A2F4-34A4C374197A}.Debug|x64.Build.0 = Debug|x64
		{C99F032A-27A0-42C2-A2F4-34A4C374197A}.Debug|x86.ActiveCfg = Debug|Win32
		{C99F032A-27A0-42C2-A2F4-34A4C374197A}.Debug|x86.Build.0 = Debug|Win32
		{C99F032A-27A0-42C2-A2F4-34A4C374197A}.Release|x64.ActiveCfg = Release|x64
		{C99F032A-27A0-42C2-A2F4-34A4C374197A}.Release|x64.Build.0 = Release|x64
		{C99F032A-27A0-42C2-A2F4-34A4C374197A}.Release|x86.ActiveCfg = Release|Win32
		{C99F032A-27A0-42C2-A2F4-34A4C374197A}.Release|x86.Build.0 = Release|Win32
		{C1DC9EBD-B8CD-49E5-8FA5-2F8F30D2C876}.Debug|x64.ActiveCfg = Debug|x64
		{C1DC9EBD-B8CD-49E5-8FA5-2F8F30D2C876}.Debug|x64.Build.0 = Debug|x64
		{C1DC9EBD-B8CD-49E5-8FA5-2F8F30D2C876}.Debug|x86.ActiveCfg = Debug|Win32
		{C1DC9EBD-B8CD-49E5-8FA5-2F8F30D2C876}.Debug|x86.Build.0 = Debug|Win32
		{C1DC9EBD-B8CD-49E5-8FA5-2F8F30D2C876}.Release|x64.ActiveCfg = Release|x64
		{C1DC9EBD-B8CD-49E5-8FA5-2F8F30D2C876}.Release|x64.Build.0 = Release|x64
		{C1DC9EBD-B8CD-49E5-8FA5-2F8F30D2C876}.Release|x86.ActiveCfg = Release|Win32
		{C1DC9EBD-B8CD-49E5-8FA5-2F8F30D2C876}.Release|x86.Build.0 = Release|Win32
		{4B2B23F2-81B0-4391-80C2-1FEC54DD287E}.Debug|x64.ActiveCfg = Debug|x64
		{4B2B23F2-81B0-4391-80C2-1FEC54DD287E}.Debug|x64.Build.0 = Debug|x64
		{4B2B23F2-81B0-4391-80C2-1FEC54DD287E}.Debug|x86.ActiveCfg = Debug|Win32
		{4B2B23F2-81B0-4391-80C2-1FEC54DD287E}.Debug|x86.Build.0 = Debug|Win32
		{4B2B23F2-81B0-4391-80C2-1FEC54DD287E}.Release|x64.ActiveCfg = Release|x64
		{4B2B23F2-81B0-4391-80C2-1FEC54DD287E}.Release|x64.Build.0 = Release|x64
		{4B2B23F2-81B0-4391-80C2-1FEC54DD287E}.Release|x86.ActiveCfg = Release|Win32
		{4B2B23F2-81B0-4391-80C2-1FEC54DD287E}.Release|x86.Build.0 = Release|Win32
		{6220BABB-878E-4085-9923-1BAFF892960F}.Debug|x64.ActiveCfg = Debug|x64
		{6220BABB-878E-4085-9923-1BAFF892960F}.Debug|x64.Build.0 = Debug|x64
		{6220BABB-878E-4085-9923-1BAFF892960F}.Debug|x86.ActiveCfg = Debug|Win32
		{6220BABB-878E-4085-9923-1BAFF892960F}.Debug|x86.Build.0 = Debug|Win32
		{6220BABB-878E-4085-9923-1BAFF892960F}.Release|x64.ActiveCfg = Release|x64
		{6220BABB-878E-4085-9923-1BAFF892960F}.Release|x64.Build.0 = Release|x64
		{6220BABB-878E-4085-9923-1BAFF892960F}.Release|x86.ActiveCfg = Release|Win32
		{6220BABB-878E-4085-9923-1BAFF892960F}.Release|x86.Build.0 = Release|Win32
		{33327C88-73C1-43EE-AF48-D4D802C1FE04}.Debug|x64.ActiveCfg = Debug|x64
		{33327C88-73C1-43EE-AF48-D4D802C1FE04}.Debug|x64.Build.0 = Debug|x64
		{33327C88-73C1-43EE-AF48-D4D802C1FE04}.Debug|x86.ActiveCfg = Debug|Win32
		{33327C88-73C1-43EE-AF48-D4D802C1FE04}.Debug|x86.Build.0 = Debug|Win32
		{33327C88-73C1-43EE-AF48-D4D802C1FE04}.Release|x64.ActiveCfg = Release|x64
		{33327C88-73C1-43EE-AF48-D4D802C1FE04}.Release|x64.Build.0 = Release|x64
		{33327C88-73C1-43EE-AF48-D4D802C1FE04}.Release|x86.ActiveCfg = Release|Win32
		{33327C88-73C1-43EE-AF48-D4D802C1FE04}.Release|x86.Build.0 = Release|Win32
		{621B0278-B3F6-46E1-B310-1EDF24F9B276}.Debug|x64.ActiveCfg = Debug|x64
		{621B0278-B3F6-46E1-B310-1EDF24F9B276}.Debug|x64.Build.0 = Debug|x64
		{621B0278-B3F6-46E1-B310-1EDF24F9B276}.Debug|x86.ActiveCfg = Debug|Win32
		{621B0278-B3F6-46E1-B310-1EDF24F9B276}.Debug|x86.Build.0 = Debug|Win32
		{621B0278-B3F6-46E1-B310-1EDF24F9B276}.Release|x64.ActiveCfg = Release|x64
		{621B0278-B3F6-46E1-B310-1EDF24F9B276}.Release|x64.Build.0 = Release|x64
		{621B0278-B3F6-46E1-B310-1EDF24F9B276}.Release|x86.ActiveCfg = Release|Win32
		{621B0278-B3F6-46E1-B310-1EDF24F9B276}.Release|x86.Build.0 = Release|Win32
		{277022FA-FA7E-4830-ACF2-507EB0E30D1D}.Debug|x64.ActiveCfg = Debug|x64
		{277022FA-FA7E-4830-ACF2-507EB0E30D1D}.Debug|x64.Build.0 = Debug|x64
		{277022FA-FA7E-4830-ACF2-507EB0E30D1D}.Debug|x86.ActiveCfg = Debug|Win32
		{277022FA-FA7E-4830-ACF2-507EB0E30D1D}.Debug|x86.Build.0 = Debug|Win32
		{277022FA-FA7E-4830-ACF2-507EB0E30D1D}.Release|x64.ActiveCfg = Release|x64
		{277022FA-FA7E-4830-ACF2-507EB0E30D1D}.Release|x64.Build.0 = Release|x64
		{277022FA-FA7E-4830-ACF2-507EB0E30D1D}.Release|x86.ActiveCfg = Release|Win32
		{277022FA-FA7E-4830-ACF2-507EB0E30D1D}.Release|x86.Build.0 = Release|Win32
		{781A1978-1D51-4A78-BD2F-1A910CC49419}.Debug|x64.ActiveCfg = Debug|x64
		{781A1978-1D51-4A78-BD2F-1A910CC49419}.Debug|x64.Build.0 = Debug|x64
		{781A1978-1D51-4A78-BD2F-1A910CC49419}.Debug|x86.ActiveCfg = Debug|Win32
		{781A1978-1D51-4A78-BD2F-1A910CC49419}.Debug|x86.Build.0 = Debug|Win32
		{781A1978-1D51-4A78-BD2F-1A910CC49419}.Release|x64.ActiveCfg = Release|x64
		{781A1978-1D51-4A78-BD2F-1A910CC49419}.Release|x64.Build.0 = Release|x64
		{781A1978-1D51-4A78-BD2F-1A910CC49419}.Release|x86.ActiveCfg = Release|Win32
		{781A1978-1D51-4A78-BD2F-1A910CC49419}.Release|x86.Build.0 = Release|Win32
		{7AD9E913-AB55-4AA2-9EB8-0AF35168B035}.Debug|x64.ActiveCfg = Debug|x64
		{7AD9E913-AB55-4AA2-9EB8-0AF35168B035}.Debug|x64.Build.0 = Debug|x64
		{7AD9E913-AB55-4AA2-9EB8-0AF35168B035}.Debug|x86.ActiveCfg = Debug|Win32
		{7AD9E913-AB55-4AA2-9EB8-0AF35168B035}.Debug|x86.Build.0 = Debug|Win32
		{7AD9E913-AB55-4AA2-9EB8-0AF35168B035}.Release|x64.ActiveCfg = Release|x64
		{7AD9E913-AB55-4AA2-9EB8-0AF35168B035}.Release|x64.Build.0 = Release|x64
		{7AD9E913-AB55-4AA2-9EB8-0AF35168B035}.Release|x86.ActiveCfg = Release|Win32
		{7AD9E913-AB55-4AA2-9EB8-0AF35168B035}.Release|x86.Build.0 = Release|Win32
		{AD6B0797-EA18-4DC8-8E1C-62F715A1239A}.Debug|x64.ActiveCfg = Debug|x64
		{AD6B0797-EA18-4DC8-8E1C-62F715A1239A}.Debug|x64.Build.0 = Debug|x64
		{AD6B0797-EA18-4DC8-8E1C-62F715A1239A}.Debug|x86.ActiveCfg = Debug|Win32
		{AD6B0797-EA18-4DC8-8E1C-62F715A1239A}.Debug|x86.Build.0 = Debug|Win32
		{AD6B0797-EA18-4DC8-8E1C-62F715A1239A}.Release|x64.ActiveCfg = Release|x64
		{AD6B0797-EA18-4DC8-8E1C-62F715A1239A}.Release|x64.Build.0 = Release|x64
		{AD6B0797-EA18-4DC8-8E1C-62F715A1239A}.Release|x86.ActiveCfg = Release|Win32
		{AD6B0797-EA18-4DC8-8E1C-62F715A1239A}.Release|x86.Build.0 = Release|Win32
	EndGlobalSection
	GlobalSection(SolutionProperties) = preSolution
		HideSolutionNode = FALSE
	EndGlobalSection
	GlobalSection(NestedProjects) = preSolution
		{D6060753-96B7-4FB8-87DD-F6A68A60B0BC} = {607C2144-B764-4587-9B6D-563E2C563936}
		{89C1870F-BD97-4CE5-9342-F42C72D22480} = {D6060753-96B7-4FB8-87DD-F6A68A60B0BC}
		{7EEE7BCE-00F3-48DD-935E-46DEDE4DDE2B} = {D6060753-96B7-4FB8-87DD-F6A68A60B0BC}
		{C54D19F5-8012-4D1A-9645-279CAF8C1D45} = {607C2144-B764-4587-9B6D-563E2C563936}
		{9D64BA08-B51E-4B27-BBE9-B2169215331A} = {C54D19F5-8012-4D1A-9645-279CAF8C1D45}
		{8F72647D-E6F6-4856-8B75-2B9210CB27B7} = {C54D19F5-8012-4D1A-9645-279CAF8C1D45}
		{4F529773-CC71-4BFD-9AC4-E803209F8F4E} = {C54D19F5-8012-4D1A-9645-279CAF8C1D45}
		{63013D91-C9C9-4A63-A307-F4DBF41D1AEA} = {607C2144-B764-4587-9B6D-563E2C563936}
		{88A2DEA2-D084-48E1-9C8B-7155978446A4} = {63013D91-C9C9-4A63-A307-F4DBF41D1AEA}
		{7C135F02-95D0-484E-AD29-8D3F4FBDB35F} = {63013D91-C9C9-4A63-A307-F4DBF41D1AEA}
		{0E9F4D44-AAB3-490F-B420-A1CB6AA3A8BD} = {63013D91-C9C9-4A63-A307-F4DBF41D1AEA}
		{4183789E-E9A9-4384-9AB3-524322048505} = {607C2144-B764-4587-9B6D-563E2C563936}
		{1ADD43D7-FD76-4F86-AFB2-8906820CDB07} = {4183789E-E9A9-4384-9AB3-524322048505}
		{A95F99B4-5891-416B-AEC5-DF0554FA6C37} = {4183789E-E9A9-4384-9AB3-524322048505}
		{964DB1CD-C6A6-4749-80C9-33AF2A1029E4} = {607C2144-B764-4587-9B6D-563E2C563936}
		{491CD186-C2BD-45B9-A489-ECC3648D2723} = {964DB1CD-C6A6-4749-80C9-33AF2A1029E4}
		{CDD25637-54E1-4276-8062-B3C6DBD108DA} = {964DB1CD-C6A6-4749-80C9-33AF2A1029E4}
		{2E618AF3-1BDF-4FA5-A487-810FCD8F4B55} = {964DB1CD-C6A6-4749-80C9-33AF2A1029E4}
		{8B843CDA-04E3-463A-BB48-A1DB1D3563C7} = {607C2144-B764-4587-9B6D-563E2C563936}
		{C8C74988-11D1-413A-ADA0-64E37EE79ECA} = {8B843CDA-04E3-463A-BB48-A1DB1D3563C7}
		{71266FD3-10C5-4E65-9673-E9135DCE0B28} = {8B843CDA-04E3-463A-BB48-A1DB1D3563C7}
		{15BAED7A-3E75-428A-B6C4-00E12E4E8B79} = {8B843CDA-04E3-463A-BB48-A1DB1D3563C7}
		{3B266B96-FF69-4B09-A31E-1DA05B3C23B5} = {65B559A0-A7FD-4A8B-82BF-12B183199BE9}
		{71C4A8A2-85E8-4A70-8370-A335ABF0A188} = {3B266B96-FF69-4B09-A31E-1DA05B3C23B5}
		{EC690C24-9DC9-43E8-A0B6-FCB553857A49} = {3B266B96-FF69-4B09-A31E-1DA05B3C23B5}
		{4936F584-CF99-4B8E-A7E4-C9425BE2C87B} = {3B266B96-FF69-4B09-A31E-1DA05B3C23B5}
		{3E3AAB45-9653-4902-A73C-E220F7CEB210} = {3B266B96-FF69-4B09-A31E-1DA05B3C23B5}
		{44E9514C-CCC2-4F93-8332-1679C37E7BB7} = {3B266B96-FF69-4B09-A31E-1DA05B3C23B5}
		{0EC6B5E8-2ED2-4342-89D2-43DB73DA547D} = {3B266B96-FF69-4B09-A31E-1DA05B3C23B5}
		{C99F032A-27A0-42C2-A2F4-34A4C374197A} = {3B266B96-FF69-4B09-A31E-1DA05B3C23B5}
		{C1DC9EBD-B8CD-49E5-8FA5-2F8F30D2C876} = {3B266B96-FF69-4B09-A31E-1DA05B3C23B5}
		{4B2B23F2-81B0-4391-80C2-1FEC54DD287E} = {65B559A0-A7FD-4A8B-82BF-12B183199BE9}
		{6220BABB-878E-4085-9923-1BAFF892960F} = {65B559A0-A7FD-4A8B-82BF-12B183199BE9}
		{33327C88-73C1-43EE-AF48-D4D802C1FE04} = {65B559A0-A7FD-4A8B-82BF-12B183199BE9}
		{621B0278-B3F6-46E1-B310-1EDF24F9B276} = {65B559A0-A7FD-4A8B-82BF-12B183199BE9}
		{277022FA-FA7E-4830-ACF2-507EB0E30D1D} = {65B559A0-A7FD-4A8B-82BF-12B183199BE9}
		{781A1978-1D51-4A78-BD2F-1A910CC49419} = {AA8B36B6-49A3-4129-8B04-40CF4632C50F}
		{7AD9E913-AB55-4AA2-9EB8-0AF35168B035} = {AA8B36B6-49A3-4129-8B04-40CF4632C50F}
		{AD6B0797-EA18-4DC8-8E1C-62F715A1239A} = {AA8B36B6-49A3-4129-8B04-40CF4632C50F}
	EndGlobalSection
	GlobalSection(ExtensibilityGlobals) = postSolution
		SolutionGuid = {1D2E8B12-7FD0-416F-AC66-B54801848FBF}
	EndGlobalSection
EndGlobal
